// !$*UTF8*$!
{
	archiveVersion = 1;
	classes = {
	};
	objectVersion = 46;
	objects = {

/* Begin PBXBuildFile section */
		72138CBB1D0F5F3200FEAF41 /* AppDelegate.swift in Sources */ = {isa = PBXBuildFile; fileRef = 72138CBA1D0F5F3200FEAF41 /* AppDelegate.swift */; };
		72138CBD1D0F5F3200FEAF41 /* ViewController.swift in Sources */ = {isa = PBXBuildFile; fileRef = 72138CBC1D0F5F3200FEAF41 /* ViewController.swift */; };
		72138CC01D0F5F3200FEAF41 /* Main.storyboard in Resources */ = {isa = PBXBuildFile; fileRef = 72138CBE1D0F5F3200FEAF41 /* Main.storyboard */; };
		72138CC21D0F5F3200FEAF41 /* Assets.xcassets in Resources */ = {isa = PBXBuildFile; fileRef = 72138CC11D0F5F3200FEAF41 /* Assets.xcassets */; };
		72138CC51D0F5F3200FEAF41 /* LaunchScreen.storyboard in Resources */ = {isa = PBXBuildFile; fileRef = 72138CC31D0F5F3200FEAF41 /* LaunchScreen.storyboard */; };
/* End PBXBuildFile section */

/* Begin PBXFileReference section */
		72138CB71D0F5F3200FEAF41 /* Color Picker.app */ = {isa = PBXFileReference; explicitFileType = wrapper.application; includeInIndex = 0; path = "Color Picker.app"; sourceTree = BUILT_PRODUCTS_DIR; };
		72138CBA1D0F5F3200FEAF41 /* AppDelegate.swift */ = {isa = PBXFileReference; lastKnownFileType = sourcecode.swift; path = AppDelegate.swift; sourceTree = "<group>"; };
		72138CBC1D0F5F3200FEAF41 /* ViewController.swift */ = {isa = PBXFileReference; lastKnownFileType = sourcecode.swift; path = ViewController.swift; sourceTree = "<group>"; };
		72138CBF1D0F5F3200FEAF41 /* Base */ = {isa = PBXFileReference; lastKnownFileType = file.storyboard; name = Base; path = Base.lproj/Main.storyboard; sourceTree = "<group>"; };
		72138CC11D0F5F3200FEAF41 /* Assets.xcassets */ = {isa = PBXFileReference; lastKnownFileType = folder.assetcatalog; path = Assets.xcassets; sourceTree = "<group>"; };
		72138CC41D0F5F3200FEAF41 /* Base */ = {isa = PBXFileReference; lastKnownFileType = file.storyboard; name = Base; path = Base.lproj/LaunchScreen.storyboard; sourceTree = "<group>"; };
		72138CC61D0F5F3200FEAF41 /* Info.plist */ = {isa = PBXFileReference; lastKnownFileType = text.plist.xml; path = Info.plist; sourceTree = "<group>"; };
/* End PBXFileReference section */

/* Begin PBXFrameworksBuildPhase section */
		72138CB41D0F5F3200FEAF41 /* Frameworks */ = {
			isa = PBXFrameworksBuildPhase;
			buildActionMask = 2147483647;
			files = (
			);
			runOnlyForDeploymentPostprocessing = 0;
		};
/* End PBXFrameworksBuildPhase section */

/* Begin PBXGroup section */
		72138CAE1D0F5F3200FEAF41 = {
			isa = PBXGroup;
			children = (
				72138CB91D0F5F3200FEAF41 /* Color Picker */,
				72138CB81D0F5F3200FEAF41 /* Products */,
			);
			sourceTree = "<group>";
		};
		72138CB81D0F5F3200FEAF41 /* Products */ = {
			isa = PBXGroup;
			children = (
				72138CB71D0F5F3200FEAF41 /* Color Picker.app */,
			);
			name = Products;
			sourceTree = "<group>";
		};
		72138CB91D0F5F3200FEAF41 /* Color Picker */ = {
			isa = PBXGroup;
			children = (
				72138CBA1D0F5F3200FEAF41 /* AppDelegate.swift */,
				72138CBC1D0F5F3200FEAF41 /* ViewController.swift */,
				72138CBE1D0F5F3200FEAF41 /* Main.storyboard */,
				72138CC11D0F5F3200FEAF41 /* Assets.xcassets */,
				72138CC31D0F5F3200FEAF41 /* LaunchScreen.storyboard */,
				72138CC61D0F5F3200FEAF41 /* Info.plist */,
			);
			path = "Color Picker";
			sourceTree = "<group>";
		};
/* End PBXGroup section */

/* Begin PBXNativeTarget section */
		72138CB61D0F5F3200FEAF41 /* Color Picker */ = {
			isa = PBXNativeTarget;
			buildConfigurationList = 72138CC91D0F5F3200FEAF41 /* Build configuration list for PBXNativeTarget "Color Picker" */;
			buildPhases = (
				72138CB31D0F5F3200FEAF41 /* Sources */,
				72138CB41D0F5F3200FEAF41 /* Frameworks */,
				72138CB51D0F5F3200FEAF41 /* Resources */,
			);
			buildRules = (
			);
			dependencies = (
			);
			name = "Color Picker";
			productName = "Color Picker";
			productReference = 72138CB71D0F5F3200FEAF41 /* Color Picker.app */;
			productType = "com.apple.product-type.application";
		};
/* End PBXNativeTarget section */

/* Begin PBXProject section */
		72138CAF1D0F5F3200FEAF41 /* Project object */ = {
			isa = PBXProject;
			attributes = {
				LastSwiftUpdateCheck = 0730;
				LastUpgradeCheck = 0730;
				ORGANIZATIONNAME = kelsMeetsWorld;
				TargetAttributes = {
					72138CB61D0F5F3200FEAF41 = {
						CreatedOnToolsVersion = 7.3.1;
					};
				};
			};
			buildConfigurationList = 72138CB21D0F5F3200FEAF41 /* Build configuration list for PBXProject "Color Picker" */;
			compatibilityVersion = "Xcode 3.2";
			developmentRegion = English;
			hasScannedForEncodings = 0;
			knownRegions = (
				en,
				Base,
			);
			mainGroup = 72138CAE1D0F5F3200FEAF41;
			productRefGroup = 72138CB81D0F5F3200FEAF41 /* Products */;
			projectDirPath = "";
			projectRoot = "";
			targets = (
				72138CB61D0F5F3200FEAF41 /* Color Picker */,
			);
		};
/* End PBXProject section */

/* Begin PBXResourcesBuildPhase section */
		72138CB51D0F5F3200FEAF41 /* Resources */ = {
			isa = PBXResourcesBuildPhase;
			buildActionMask = 2147483647;
			files = (
				72138CC51D0F5F3200FEAF41 /* LaunchScreen.storyboard in Resources */,
				72138CC21D0F5F3200FEAF41 /* Assets.xcassets in Resources */,
				72138CC01D0F5F3200FEAF41 /* Main.storyboard in Resources */,
			);
			runOnlyForDeploymentPostprocessing = 0;
		};
/* End PBXResourcesBuildPhase section */

/* Begin PBXSourcesBuildPhase section */
		72138CB31D0F5F3200FEAF41 /* Sources */ = {
			isa = PBXSourcesBuildPhase;
			buildActionMask = 2147483647;
			files = (
				72138CBD1D0F5F3200FEAF41 /* ViewController.swift in Sources */,
				72138CBB1D0F5F3200FEAF41 /* AppDelegate.swift in Sources */,
			);
			runOnlyForDeploymentPostprocessing = 0;
		};
/* End PBXSourcesBuildPhase section */

/* Begin PBXVariantGroup section */
		72138CBE1D0F5F3200FEAF41 /* Main.storyboard */ = {
			isa = PBXVariantGroup;
			children = (
				72138CBF1D0F5F3200FEAF41 /* Base */,
			);
			name = Main.storyboard;
			sourceTree = "<group>";
		};
		72138CC31D0F5F3200FEAF41 /* LaunchScreen.storyboard */ = {
			isa = PBXVariantGroup;
			children = (
				72138CC41D0F5F3200FEAF41 /* Base */,
			);
			name = LaunchScreen.storyboard;
			sourceTree = "<group>";
		};
/* End PBXVariantGroup section */

/* Begin XCBuildConfiguration section */
		72138CC71D0F5F3200FEAF41 /* Debug */ = {
			isa = XCBuildConfiguration;
			buildSettings = {
				ALWAYS_SEARCH_USER_PATHS = NO;
				CLANG_ANALYZER_NONNULL = YES;
				CLANG_CXX_LANGUAGE_STANDARD = "gnu++0x";
				CLANG_CXX_LIBRARY = "libc++";
				CLANG_ENABLE_MODULES = YES;
				CLANG_ENABLE_OBJC_ARC = YES;
				CLANG_WARN_BOOL_CONVERSION = YES;
				CLANG_WARN_CONSTANT_CONVERSION = YES;
				CLANG_WARN_DIRECT_OBJC_ISA_USAGE = YES_ERROR;
				CLANG_WARN_EMPTY_BODY = YES;
				CLANG_WARN_ENUM_CONVERSION = YES;
				CLANG_WARN_INT_CONVERSION = YES;
				CLANG_WARN_OBJC_ROOT_CLASS = YES_ERROR;
				CLANG_WARN_UNREACHABLE_CODE = YES;
				CLANG_WARN__DUPLICATE_METHOD_MATCH = YES;
				"CODE_SIGN_IDENTITY[sdk=iphoneos*]" = "iPhone Developer";
				COPY_PHASE_STRIP = NO;
				DEBUG_INFORMATION_FORMAT = dwarf;
				ENABLE_STRICT_OBJC_MSGSEND = YES;
				ENABLE_TESTABILITY = YES;
				GCC_C_LANGUAGE_STANDARD = gnu99;
				GCC_DYNAMIC_NO_PIC = NO;
				GCC_NO_COMMON_BLOCKS = YES;
				GCC_OPTIMIZATION_LEVEL = 0;
				GCC_PREPROCESSOR_DEFINITIONS = (
					"DEBUG=1",
					"$(inherited)",
				);
				GCC_WARN_64_TO_32_BIT_CONVERSION = YES;
				GCC_WARN_ABOUT_RETURN_TYPE = YES_ERROR;
				GCC_WARN_UNDECLARED_SELECTOR = YES;
				GCC_WARN_UNINITIALIZED_AUTOS = YES_AGGRESSIVE;
				GCC_WARN_UNUSED_FUNCTION = YES;
				GCC_WARN_UNUSED_VARIABLE = YES;
				IPHONEOS_DEPLOYMENT_TARGET = 9.3;
				MTL_ENABLE_DEBUG_INFO = YES;
				ONLY_ACTIVE_ARCH = YES;
				SDKROOT = iphoneos;
				SWIFT_OPTIMIZATION_LEVEL = "-Onone";
			};
			name = Debug;
		};
		72138CC81D0F5F3200FEAF41 /* Release */ = {
			isa = XCBuildConfiguration;
			buildSettings = {
				ALWAYS_SEARCH_USER_PATHS = NO;
				CLANG_ANALYZER_NONNULL = YES;
				CLANG_CXX_LANGUAGE_STANDARD = "gnu++0x";
				CLANG_CXX_LIBRARY = "libc++";
				CLANG_ENABLE_MODULES = YES;
				CLANG_ENABLE_OBJC_ARC = YES;
				CLANG_WARN_BOOL_CONVERSION = YES;
				CLANG_WARN_CONSTANT_CONVERSION = YES;
				CLANG_WARN_DIRECT_OBJC_ISA_USAGE = YES_ERROR;
				CLANG_WARN_EMPTY_BODY = YES;
				CLANG_WARN_ENUM_CONVERSION = YES;
				CLANG_WARN_INT_CONVERSION = YES;
				CLANG_WARN_OBJC_ROOT_CLASS = YES_ERROR;
				CLANG_WARN_UNREACHABLE_CODE = YES;
				CLANG_WARN__DUPLICATE_METHOD_MATCH = YES;
				"CODE_SIGN_IDENTITY[sdk=iphoneos*]" = "iPhone Developer";
				COPY_PHASE_STRIP = NO;
				DEBUG_INFORMATION_FORMAT = "dwarf-with-dsym";
				ENABLE_NS_ASSERTIONS = NO;
				ENABLE_STRICT_OBJC_MSGSEND = YES;
				GCC_C_LANGUAGE_STANDARD = gnu99;
				GCC_NO_COMMON_BLOCKS = YES;
				GCC_WARN_64_TO_32_BIT_CONVERSION = YES;
				GCC_WARN_ABOUT_RETURN_TYPE = YES_ERROR;
				GCC_WARN_UNDECLARED_SELECTOR = YES;
				GCC_WARN_UNINITIALIZED_AUTOS = YES_AGGRESSIVE;
				GCC_WARN_UNUSED_FUNCTION = YES;
				GCC_WARN_UNUSED_VARIABLE = YES;
				IPHONEOS_DEPLOYMENT_TARGET = 9.3;
				MTL_ENABLE_DEBUG_INFO = NO;
				SDKROOT = iphoneos;
				VALIDATE_PRODUCT = YES;
			};
			name = Release;
		};
		72138CCA1D0F5F3200FEAF41 /* Debug */ = {
			isa = XCBuildConfiguration;
			buildSettings = {
				ASSETCATALOG_COMPILER_APPICON_NAME = AppIcon;
				INFOPLIST_FILE = "Color Picker/Info.plist";
				LD_RUNPATH_SEARCH_PATHS = "$(inherited) @executable_path/Frameworks";
				PRODUCT_BUNDLE_IDENTIFIER = "com.kelsMeetsWorld.Color-Picker";
				PRODUCT_NAME = "$(TARGET_NAME)";
			};
			name = Debug;
		};
		72138CCB1D0F5F3200FEAF41 /* Release */ = {
			isa = XCBuildConfiguration;
			buildSettings = {
				ASSETCATALOG_COMPILER_APPICON_NAME = AppIcon;
				INFOPLIST_FILE = "Color Picker/Info.plist";
				LD_RUNPATH_SEARCH_PATHS = "$(inherited) @executable_path/Frameworks";
				PRODUCT_BUNDLE_IDENTIFIER = "com.kelsMeetsWorld.Color-Picker";
				PRODUCT_NAME = "$(TARGET_NAME)";
			};
			name = Release;
		};
/* End XCBuildConfiguration section */

/* Begin XCConfigurationList section */
		72138CB21D0F5F3200FEAF41 /* Build configuration list for PBXProject "Color Picker" */ = {
			isa = XCConfigurationList;
			buildConfigurations = (
				72138CC71D0F5F3200FEAF41 /* Debug */,
				72138CC81D0F5F3200FEAF41 /* Release */,
			);
			defaultConfigurationIsVisible = 0;
			defaultConfigurationName = Release;
		};
		72138CC91D0F5F3200FEAF41 /* Build configuration list for PBXNativeTarget "Color Picker" */ = {
			isa = XCConfigurationList;
			buildConfigurations = (
				72138CCA1D0F5F3200FEAF41 /* Debug */,
				72138CCB1D0F5F3200FEAF41 /* Release */,
			);
			defaultConfigurationIsVisible = 0;
		};
/* End XCConfigurationList section */
	};
	rootObject = 72138CAF1D0F5F3200FEAF41 /* Project object */;
}
